
Microsoft Visual Studio Solution File, Format Version 12.00
# Visual Studio Version 17
VisualStudioVersion = 17.13.35931.197 d17.13
MinimumVisualStudioVersion = 10.0.40219.1
Project("{888888A0-9F3D-457C-B088-3A5042F75D52}") = "HtmlEditorAndViewer", "HtmlEditorAndViewer\HtmlEditorAndViewer.pyproj", "{7FB1F8A1-A495-4890-BF2A-1AF89D2FDFB4}"
EndProject
Global
	GlobalSection(SolutionConfigurationPlatforms) = preSolution
		Debug|Any CPU = Debug|Any CPU
		Release|Any CPU = Release|Any CPU
	EndGlobalSection
	GlobalSection(ProjectConfigurationPlatforms) = postSolution
		{7FB1F8A1-A495-4890-BF2A-1AF89D2FDFB4}.Debug|Any CPU.ActiveCfg = Debug|Any CPU
		{7FB1F8A1-A495-4890-BF2A-1AF89D2FDFB4}.Release|Any CPU.ActiveCfg = Release|Any CPU
	EndGlobalSection
	GlobalSection(SolutionProperties) = preSolution
		HideSolutionNode = FALSE
	EndGlobalSection
	GlobalSection(ExtensibilityGlobals) = postSolution
		SolutionGuid = {40E71CF6-8BD6-4B3E-B203-B91223C54A7C}
	EndGlobalSection
EndGlobal
